
Microsoft Visual Studio Solution File, Format Version 12.00
# Visual Studio 2012
Project("{159641D6-6404-4A2A-AE62-294DE0FE8301}") = "FlytdataUkurans", "FlytdataUkurans.dtproj", "{42EA569C-3287-4E6E-81D2-FDB763F88C3A}"
EndProject
Global
	GlobalSection(SolutionConfigurationPlatforms) = preSolution
		Development|Default = Development|Default
	EndGlobalSection
	GlobalSection(ProjectConfigurationPlatforms) = postSolution
		{42EA569C-3287-4E6E-81D2-FDB763F88C3A}.Development|Default.ActiveCfg = Development
		{42EA569C-3287-4E6E-81D2-FDB763F88C3A}.Development|Default.Build.0 = Development
	EndGlobalSection
	GlobalSection(SolutionProperties) = preSolution
		HideSolutionNode = FALSE
	EndGlobalSection
EndGlobal
