
Microsoft Visual Studio Solution File, Format Version 12.00
# Visual Studio 2012
Project("{159641D6-6404-4A2A-AE62-294DE0FE8301}") = "000-ETL_Stamdata_MDW", "000-ETL_Stamdata_MDW.dtproj", "{EE6C6AB3-7A96-4168-8112-2448BCAEBD90}"
EndProject
Global
	GlobalSection(SolutionConfigurationPlatforms) = preSolution
		Development|Default = Development|Default
		MDW_UDV2|Default = MDW_UDV2|Default
	EndGlobalSection
	GlobalSection(ProjectConfigurationPlatforms) = postSolution
		{EE6C6AB3-7A96-4168-8112-2448BCAEBD90}.Development|Default.ActiveCfg = Development
		{EE6C6AB3-7A96-4168-8112-2448BCAEBD90}.Development|Default.Build.0 = Development
		{EE6C6AB3-7A96-4168-8112-2448BCAEBD90}.MDW_UDV2|Default.ActiveCfg = MDW_UDV2
		{EE6C6AB3-7A96-4168-8112-2448BCAEBD90}.MDW_UDV2|Default.Build.0 = MDW_UDV2
	EndGlobalSection
	GlobalSection(SolutionProperties) = preSolution
		HideSolutionNode = FALSE
	EndGlobalSection
EndGlobal
