
Microsoft Visual Studio Solution File, Format Version 12.00
# Visual Studio 2012
Project("{159641D6-6404-4A2A-AE62-294DE0FE8301}") = "010-ETL_Togproduktion_Fjern_og_Regional", "010-ETL_Togproduktion_Fjern_og_Regional.dtproj", "{7EA33FE6-2F61-486E-8C9E-34B58E01FFCF}"
EndProject
Global
	GlobalSection(SolutionConfigurationPlatforms) = preSolution
		Development|Default = Development|Default
		MDW_UDV2|Default = MDW_UDV2|Default
	EndGlobalSection
	GlobalSection(ProjectConfigurationPlatforms) = postSolution
		{7EA33FE6-2F61-486E-8C9E-34B58E01FFCF}.Development|Default.ActiveCfg = Development
		{7EA33FE6-2F61-486E-8C9E-34B58E01FFCF}.Development|Default.Build.0 = Development
		{7EA33FE6-2F61-486E-8C9E-34B58E01FFCF}.MDW_UDV2|Default.ActiveCfg = MDW_UDV2
		{7EA33FE6-2F61-486E-8C9E-34B58E01FFCF}.MDW_UDV2|Default.Build.0 = MDW_UDV2
	EndGlobalSection
	GlobalSection(SolutionProperties) = preSolution
		HideSolutionNode = FALSE
	EndGlobalSection
EndGlobal
