
Microsoft Visual Studio Solution File, Format Version 12.00
# Visual Studio 2012
Project("{159641D6-6404-4A2A-AE62-294DE0FE8301}") = "090-ETL_RIM_Rejsedata", "090-ETL_RIM_Rejsedata.dtproj", "{7EB67BB7-E2FD-489E-8140-B3624A473F0B}"
EndProject
Global
	GlobalSection(SolutionConfigurationPlatforms) = preSolution
		Development|Default = Development|Default
	EndGlobalSection
	GlobalSection(ProjectConfigurationPlatforms) = postSolution
		{7EB67BB7-E2FD-489E-8140-B3624A473F0B}.Development|Default.ActiveCfg = Development
		{7EB67BB7-E2FD-489E-8140-B3624A473F0B}.Development|Default.Build.0 = Development
	EndGlobalSection
	GlobalSection(SolutionProperties) = preSolution
		HideSolutionNode = FALSE
	EndGlobalSection
EndGlobal
