
Microsoft Visual Studio Solution File, Format Version 12.00
# Visual Studio 2012
Project("{159641D6-6404-4A2A-AE62-294DE0FE8301}") = "060-ETL_Togproduktion_STOG", "060-ETL_Togproduktion_STOG.dtproj", "{CB56F0A5-24AE-4C75-A7B5-80BACFA25DBF}"
EndProject
Global
	GlobalSection(SolutionConfigurationPlatforms) = preSolution
		Development|Default = Development|Default
	EndGlobalSection
	GlobalSection(ProjectConfigurationPlatforms) = postSolution
		{CB56F0A5-24AE-4C75-A7B5-80BACFA25DBF}.Development|Default.ActiveCfg = Development
		{CB56F0A5-24AE-4C75-A7B5-80BACFA25DBF}.Development|Default.Build.0 = Development
	EndGlobalSection
	GlobalSection(SolutionProperties) = preSolution
		HideSolutionNode = FALSE
	EndGlobalSection
EndGlobal
