
Microsoft Visual Studio Solution File, Format Version 12.00
# Visual Studio 2012
Project("{159641D6-6404-4A2A-AE62-294DE0FE8301}") = "Ukurans", "Ukurans.dtproj", "{7C3F5044-2584-4B40-BF2E-5E2D12D4360B}"
EndProject
Global
	GlobalSection(SolutionConfigurationPlatforms) = preSolution
		Development|Default = Development|Default
	EndGlobalSection
	GlobalSection(ProjectConfigurationPlatforms) = postSolution
		{7C3F5044-2584-4B40-BF2E-5E2D12D4360B}.Development|Default.ActiveCfg = Development
		{7C3F5044-2584-4B40-BF2E-5E2D12D4360B}.Development|Default.Build.0 = Development
	EndGlobalSection
	GlobalSection(SolutionProperties) = preSolution
		HideSolutionNode = FALSE
	EndGlobalSection
EndGlobal
