
Microsoft Visual Studio Solution File, Format Version 12.00
# Visual Studio 2012
Project("{159641D6-6404-4A2A-AE62-294DE0FE8301}") = "080-ETL_FPC_Loensum", "080-ETL_FPC_Loensum.dtproj", "{5459C9EB-3DBE-46C4-B052-BB390CAB333C}"
EndProject
Global
	GlobalSection(SolutionConfigurationPlatforms) = preSolution
		Development|Default = Development|Default
	EndGlobalSection
	GlobalSection(ProjectConfigurationPlatforms) = postSolution
		{5459C9EB-3DBE-46C4-B052-BB390CAB333C}.Development|Default.ActiveCfg = Development
		{5459C9EB-3DBE-46C4-B052-BB390CAB333C}.Development|Default.Build.0 = Development
	EndGlobalSection
	GlobalSection(SolutionProperties) = preSolution
		HideSolutionNode = FALSE
	EndGlobalSection
EndGlobal
