
Microsoft Visual Studio Solution File, Format Version 12.00
# Visual Studio 2012
Project("{D2ABAB84-BF74-430A-B69E-9DC6D40DDA17}") = "Togproduktion_Stog", "DM_Stog\Togproduktion_Stog.dwproj", "{A9D4DC89-5DC9-43BA-84F3-1FA344DBEEF2}"
EndProject
Global
	GlobalSection(SolutionConfigurationPlatforms) = preSolution
		Development|Default = Development|Default
	EndGlobalSection
	GlobalSection(ProjectConfigurationPlatforms) = postSolution
		{A9D4DC89-5DC9-43BA-84F3-1FA344DBEEF2}.Development|Default.ActiveCfg = Development
		{A9D4DC89-5DC9-43BA-84F3-1FA344DBEEF2}.Development|Default.Build.0 = Development
		{A9D4DC89-5DC9-43BA-84F3-1FA344DBEEF2}.Development|Default.Deploy.0 = Development
	EndGlobalSection
	GlobalSection(SolutionProperties) = preSolution
		HideSolutionNode = FALSE
	EndGlobalSection
EndGlobal
