
Microsoft Visual Studio Solution File, Format Version 12.00
# Visual Studio 2012
Project("{D2ABAB84-BF74-430A-B69E-9DC6D40DDA17}") = "Togproduktion_FR", "DM_Togproduktion\Togproduktion_FR.dwproj", "{D6AF26E7-1CD0-4614-9122-67AB71129E3E}"
EndProject
Global
	GlobalSection(SolutionConfigurationPlatforms) = preSolution
		Development|Default = Development|Default
	EndGlobalSection
	GlobalSection(ProjectConfigurationPlatforms) = postSolution
		{D6AF26E7-1CD0-4614-9122-67AB71129E3E}.Development|Default.ActiveCfg = Development
		{D6AF26E7-1CD0-4614-9122-67AB71129E3E}.Development|Default.Build.0 = Development
		{D6AF26E7-1CD0-4614-9122-67AB71129E3E}.Development|Default.Deploy.0 = Development
	EndGlobalSection
	GlobalSection(SolutionProperties) = preSolution
		HideSolutionNode = FALSE
	EndGlobalSection
EndGlobal
