
Microsoft Visual Studio Solution File, Format Version 12.00
# Visual Studio 2012
Project("{159641D6-6404-4A2A-AE62-294DE0FE8301}") = "040-ETL_HR_FTE", "040-ETL_HR_FTE.dtproj", "{D4464245-D97C-45EE-8BFD-6E1E304E03CD}"
EndProject
Global
	GlobalSection(SolutionConfigurationPlatforms) = preSolution
		Development|Default = Development|Default
	EndGlobalSection
	GlobalSection(ProjectConfigurationPlatforms) = postSolution
		{D4464245-D97C-45EE-8BFD-6E1E304E03CD}.Development|Default.ActiveCfg = Development
		{D4464245-D97C-45EE-8BFD-6E1E304E03CD}.Development|Default.Build.0 = Development
	EndGlobalSection
	GlobalSection(SolutionProperties) = preSolution
		HideSolutionNode = FALSE
	EndGlobalSection
EndGlobal
