
Microsoft Visual Studio Solution File, Format Version 12.00
# Visual Studio 2012
Project("{D2ABAB84-BF74-430A-B69E-9DC6D40DDA17}") = "Lokofører_FR", "DM_LOKO\Lokofører_FR.dwproj", "{B8D8F557-1BF2-4216-BD50-4EB444B9E5F8}"
EndProject
Global
	GlobalSection(SolutionConfigurationPlatforms) = preSolution
		Development|Default = Development|Default
	EndGlobalSection
	GlobalSection(ProjectConfigurationPlatforms) = postSolution
		{B8D8F557-1BF2-4216-BD50-4EB444B9E5F8}.Development|Default.ActiveCfg = Development
		{B8D8F557-1BF2-4216-BD50-4EB444B9E5F8}.Development|Default.Build.0 = Development
		{B8D8F557-1BF2-4216-BD50-4EB444B9E5F8}.Development|Default.Deploy.0 = Development
	EndGlobalSection
	GlobalSection(SolutionProperties) = preSolution
		HideSolutionNode = FALSE
	EndGlobalSection
EndGlobal
