
Microsoft Visual Studio Solution File, Format Version 12.00
# Visual Studio 2012
Project("{159641D6-6404-4A2A-AE62-294DE0FE8301}") = "FlytDataMdw", "FlytDataMdw\FlytDataMdw.dtproj", "{50489F89-4B1D-41EE-ACA5-C3EB7A4B7400}"
EndProject
Global
	GlobalSection(SolutionConfigurationPlatforms) = preSolution
		Development|Default = Development|Default
		MDW_UDV2|Default = MDW_UDV2|Default
	EndGlobalSection
	GlobalSection(ProjectConfigurationPlatforms) = postSolution
		{50489F89-4B1D-41EE-ACA5-C3EB7A4B7400}.Development|Default.ActiveCfg = Development
		{50489F89-4B1D-41EE-ACA5-C3EB7A4B7400}.Development|Default.Build.0 = Development
		{50489F89-4B1D-41EE-ACA5-C3EB7A4B7400}.MDW_UDV2|Default.ActiveCfg = MDW_UDV2
		{50489F89-4B1D-41EE-ACA5-C3EB7A4B7400}.MDW_UDV2|Default.Build.0 = MDW_UDV2
	EndGlobalSection
	GlobalSection(SolutionProperties) = preSolution
		HideSolutionNode = FALSE
	EndGlobalSection
EndGlobal
